// !$*UTF8*$!
{
	archiveVersion = 1;
	classes = {
	};
	objectVersion = 51;
	objects = {

/* Begin PBXBuildFile section */
		36D4424924F1FE150086B75B /* Assets.xcassets in Resources */ = {isa = PBXBuildFile; fileRef = 36D4424824F1FE150086B75B /* Assets.xcassets */; };
		36D4424C24F1FE150086B75B /* LaunchScreen.storyboard in Resources */ = {isa = PBXBuildFile; fileRef = 36D4424A24F1FE150086B75B /* LaunchScreen.storyboard */; };
		36D4424F24F1FE150086B75B /* main.m in Sources */ = {isa = PBXBuildFile; fileRef = 36D4424E24F1FE150086B75B /* main.m */; };
		36D4425924F1FE150086B75B /* TFY_MessageMKitTests.m in Sources */ = {isa = PBXBuildFile; fileRef = 36D4425824F1FE150086B75B /* TFY_MessageMKitTests.m */; };
		36D4426424F1FE150086B75B /* TFY_MessageMKitUITests.m in Sources */ = {isa = PBXBuildFile; fileRef = 36D4426324F1FE150086B75B /* TFY_MessageMKitUITests.m */; };
		36D4427A24F1FEF60086B75B /* ViewController.m in Sources */ = {isa = PBXBuildFile; fileRef = 36D4427224F1FEF60086B75B /* ViewController.m */; };
		36D4427B24F1FEF60086B75B /* ContentView.swift in Sources */ = {isa = PBXBuildFile; fileRef = 36D4427324F1FEF60086B75B /* ContentView.swift */; };
		36D4427C24F1FEF60086B75B /* SceneDelegate.m in Sources */ = {isa = PBXBuildFile; fileRef = 36D4427724F1FEF60086B75B /* SceneDelegate.m */; };
		36D4427D24F1FEF60086B75B /* AppDelegate.m in Sources */ = {isa = PBXBuildFile; fileRef = 36D4427824F1FEF60086B75B /* AppDelegate.m */; };
		36D4429F24F207D60086B75B /* TFY_MessageM.m in Sources */ = {isa = PBXBuildFile; fileRef = 36D4429C24F207D60086B75B /* TFY_MessageM.m */; };
		36D442A024F207D60086B75B /* NSObject+TFY_MessageE.m in Sources */ = {isa = PBXBuildFile; fileRef = 36D4429D24F207D60086B75B /* NSObject+TFY_MessageE.m */; };
		36D442A324F208EA0086B75B /* TFY_RouterM.m in Sources */ = {isa = PBXBuildFile; fileRef = 36D442A224F208EA0086B75B /* TFY_RouterM.m */; };
		36D442A624F275030086B75B /* TFY_RouterMHandler.m in Sources */ = {isa = PBXBuildFile; fileRef = 36D442A524F275030086B75B /* TFY_RouterMHandler.m */; };
		62F9BCBE6AA1A2EE76490B76 /* Pods_TFY_MessageMKit_TFY_MessageMKitUITests.framework in Frameworks */ = {isa = PBXBuildFile; fileRef = 2E8127039193EF54F556C475 /* Pods_TFY_MessageMKit_TFY_MessageMKitUITests.framework */; };
		861A435826540CC59F9EAA5B /* Pods_TFY_MessageMKitTests.framework in Frameworks */ = {isa = PBXBuildFile; fileRef = 752718E5D74EC4803454B4CB /* Pods_TFY_MessageMKitTests.framework */; };
		FEA6EED7914977FAB904EF24 /* Pods_TFY_MessageMKit.framework in Frameworks */ = {isa = PBXBuildFile; fileRef = 73E34D93E52F090B5912CB90 /* Pods_TFY_MessageMKit.framework */; };
/* End PBXBuildFile section */

/* Begin PBXContainerItemProxy section */
		36D4425524F1FE150086B75B /* PBXContainerItemProxy */ = {
			isa = PBXContainerItemProxy;
			containerPortal = 36D4422F24F1FE140086B75B /* Project object */;
			proxyType = 1;
			remoteGlobalIDString = 36D4423624F1FE140086B75B;
			remoteInfo = TFY_MessageMKit;
		};
		36D4426024F1FE150086B75B /* PBXContainerItemProxy */ = {
			isa = PBXContainerItemProxy;
			containerPortal = 36D4422F24F1FE140086B75B /* Project object */;
			proxyType = 1;
			remoteGlobalIDString = 36D4423624F1FE140086B75B;
			remoteInfo = TFY_MessageMKit;
		};
/* End PBXContainerItemProxy section */

/* Begin PBXFileReference section */
		2E8127039193EF54F556C475 /* Pods_TFY_MessageMKit_TFY_MessageMKitUITests.framework */ = {isa = PBXFileReference; explicitFileType = wrapper.framework; includeInIndex = 0; path = Pods_TFY_MessageMKit_TFY_MessageMKitUITests.framework; sourceTree = BUILT_PRODUCTS_DIR; };
		36D4423724F1FE140086B75B /* TFY_MessageMKit.app */ = {isa = PBXFileReference; explicitFileType = wrapper.application; includeInIndex = 0; path = TFY_MessageMKit.app; sourceTree = BUILT_PRODUCTS_DIR; };
		36D4424824F1FE150086B75B /* Assets.xcassets */ = {isa = PBXFileReference; lastKnownFileType = folder.assetcatalog; path = Assets.xcassets; sourceTree = "<group>"; };
		36D4424B24F1FE150086B75B /* Base */ = {isa = PBXFileReference; lastKnownFileType = file.storyboard; name = Base; path = Base.lproj/LaunchScreen.storyboard; sourceTree = "<group>"; };
		36D4424D24F1FE150086B75B /* Info.plist */ = {isa = PBXFileReference; lastKnownFileType = text.plist.xml; path = Info.plist; sourceTree = "<group>"; };
		36D4424E24F1FE150086B75B /* main.m */ = {isa = PBXFileReference; lastKnownFileType = sourcecode.c.objc; path = main.m; sourceTree = "<group>"; };
		36D4425424F1FE150086B75B /* TFY_MessageMKitTests.xctest */ = {isa = PBXFileReference; explicitFileType = wrapper.cfbundle; includeInIndex = 0; path = TFY_MessageMKitTests.xctest; sourceTree = BUILT_PRODUCTS_DIR; };
		36D4425824F1FE150086B75B /* TFY_MessageMKitTests.m */ = {isa = PBXFileReference; lastKnownFileType = sourcecode.c.objc; path = TFY_MessageMKitTests.m; sourceTree = "<group>"; };
		36D4425A24F1FE150086B75B /* Info.plist */ = {isa = PBXFileReference; lastKnownFileType = text.plist.xml; path = Info.plist; sourceTree = "<group>"; };
		36D4425F24F1FE150086B75B /* TFY_MessageMKitUITests.xctest */ = {isa = PBXFileReference; explicitFileType = wrapper.cfbundle; includeInIndex = 0; path = TFY_MessageMKitUITests.xctest; sourceTree = BUILT_PRODUCTS_DIR; };
		36D4426324F1FE150086B75B /* TFY_MessageMKitUITests.m */ = {isa = PBXFileReference; lastKnownFileType = sourcecode.c.objc; path = TFY_MessageMKitUITests.m; sourceTree = "<group>"; };
		36D4426524F1FE150086B75B /* Info.plist */ = {isa = PBXFileReference; lastKnownFileType = text.plist.xml; path = Info.plist; sourceTree = "<group>"; };
		36D4427224F1FEF60086B75B /* ViewController.m */ = {isa = PBXFileReference; fileEncoding = 4; lastKnownFileType = sourcecode.c.objc; path = ViewController.m; sourceTree = "<group>"; };
		36D4427324F1FEF60086B75B /* ContentView.swift */ = {isa = PBXFileReference; fileEncoding = 4; lastKnownFileType = sourcecode.swift; path = ContentView.swift; sourceTree = "<group>"; };
		36D4427424F1FEF60086B75B /* ViewController.h */ = {isa = PBXFileReference; fileEncoding = 4; lastKnownFileType = sourcecode.c.h; path = ViewController.h; sourceTree = "<group>"; };
		36D4427624F1FEF60086B75B /* AppDelegate.h */ = {isa = PBXFileReference; fileEncoding = 4; lastKnownFileType = sourcecode.c.h; path = AppDelegate.h; sourceTree = "<group>"; };
		36D4427724F1FEF60086B75B /* SceneDelegate.m */ = {isa = PBXFileReference; fileEncoding = 4; lastKnownFileType = sourcecode.c.objc; path = SceneDelegate.m; sourceTree = "<group>"; };
		36D4427824F1FEF60086B75B /* AppDelegate.m */ = {isa = PBXFileReference; fileEncoding = 4; lastKnownFileType = sourcecode.c.objc; path = AppDelegate.m; sourceTree = "<group>"; };
		36D4427924F1FEF60086B75B /* SceneDelegate.h */ = {isa = PBXFileReference; fileEncoding = 4; lastKnownFileType = sourcecode.c.h; path = SceneDelegate.h; sourceTree = "<group>"; };
		36D4428024F1FFB60086B75B /* TFY_PrefixHeader.pch */ = {isa = PBXFileReference; lastKnownFileType = sourcecode.c.h; path = TFY_PrefixHeader.pch; sourceTree = "<group>"; };
		36D4429724F207D60086B75B /* TFY_RouterMessageKit.h */ = {isa = PBXFileReference; fileEncoding = 4; lastKnownFileType = sourcecode.c.h; path = TFY_RouterMessageKit.h; sourceTree = "<group>"; };
		36D4429924F207D60086B75B /* TFY_MessageM.h */ = {isa = PBXFileReference; fileEncoding = 4; lastKnownFileType = sourcecode.c.h; path = TFY_MessageM.h; sourceTree = "<group>"; };
		36D4429A24F207D60086B75B /* TFY_MessageMKit.h */ = {isa = PBXFileReference; fileEncoding = 4; lastKnownFileType = sourcecode.c.h; path = TFY_MessageMKit.h; sourceTree = "<group>"; };
		36D4429B24F207D60086B75B /* NSObject+TFY_MessageE.h */ = {isa = PBXFileReference; fileEncoding = 4; lastKnownFileType = sourcecode.c.h; path = "NSObject+TFY_MessageE.h"; sourceTree = "<group>"; };
		36D4429C24F207D60086B75B /* TFY_MessageM.m */ = {isa = PBXFileReference; fileEncoding = 4; lastKnownFileType = sourcecode.c.objc; path = TFY_MessageM.m; sourceTree = "<group>"; };
		36D4429D24F207D60086B75B /* NSObject+TFY_MessageE.m */ = {isa = PBXFileReference; fileEncoding = 4; lastKnownFileType = sourcecode.c.objc; path = "NSObject+TFY_MessageE.m"; sourceTree = "<group>"; };
		36D442A124F208EA0086B75B /* TFY_RouterM.h */ = {isa = PBXFileReference; lastKnownFileType = sourcecode.c.h; path = TFY_RouterM.h; sourceTree = "<group>"; };
		36D442A224F208EA0086B75B /* TFY_RouterM.m */ = {isa = PBXFileReference; lastKnownFileType = sourcecode.c.objc; path = TFY_RouterM.m; sourceTree = "<group>"; };
		36D442A424F275030086B75B /* TFY_RouterMHandler.h */ = {isa = PBXFileReference; lastKnownFileType = sourcecode.c.h; path = TFY_RouterMHandler.h; sourceTree = "<group>"; };
		36D442A524F275030086B75B /* TFY_RouterMHandler.m */ = {isa = PBXFileReference; lastKnownFileType = sourcecode.c.objc; path = TFY_RouterMHandler.m; sourceTree = "<group>"; };
		36D442A724F27EBE0086B75B /* TFY_RouterMKit.h */ = {isa = PBXFileReference; lastKnownFileType = sourcecode.c.h; path = TFY_RouterMKit.h; sourceTree = "<group>"; };
		37EC6C12C10D3F469164C0E7 /* Pods-TFY_MessageMKit-TFY_MessageMKitUITests.release.xcconfig */ = {isa = PBXFileReference; includeInIndex = 1; lastKnownFileType = text.xcconfig; name = "Pods-TFY_MessageMKit-TFY_MessageMKitUITests.release.xcconfig"; path = "Target Support Files/Pods-TFY_MessageMKit-TFY_MessageMKitUITests/Pods-TFY_MessageMKit-TFY_MessageMKitUITests.release.xcconfig"; sourceTree = "<group>"; };
		69020E7AE98EF9049F83ECE1 /* Pods-TFY_MessageMKit.release.xcconfig */ = {isa = PBXFileReference; includeInIndex = 1; lastKnownFileType = text.xcconfig; name = "Pods-TFY_MessageMKit.release.xcconfig"; path = "Target Support Files/Pods-TFY_MessageMKit/Pods-TFY_MessageMKit.release.xcconfig"; sourceTree = "<group>"; };
		73E34D93E52F090B5912CB90 /* Pods_TFY_MessageMKit.framework */ = {isa = PBXFileReference; explicitFileType = wrapper.framework; includeInIndex = 0; path = Pods_TFY_MessageMKit.framework; sourceTree = BUILT_PRODUCTS_DIR; };
		752718E5D74EC4803454B4CB /* Pods_TFY_MessageMKitTests.framework */ = {isa = PBXFileReference; explicitFileType = wrapper.framework; includeInIndex = 0; path = Pods_TFY_MessageMKitTests.framework; sourceTree = BUILT_PRODUCTS_DIR; };
		833E007D085DB902711216C0 /* Pods-TFY_MessageMKitTests.release.xcconfig */ = {isa = PBXFileReference; includeInIndex = 1; lastKnownFileType = text.xcconfig; name = "Pods-TFY_MessageMKitTests.release.xcconfig"; path = "Target Support Files/Pods-TFY_MessageMKitTests/Pods-TFY_MessageMKitTests.release.xcconfig"; sourceTree = "<group>"; };
		A65C2DBF74EE6B2BADF2D131 /* Pods-TFY_MessageMKit-TFY_MessageMKitUITests.debug.xcconfig */ = {isa = PBXFileReference; includeInIndex = 1; lastKnownFileType = text.xcconfig; name = "Pods-TFY_MessageMKit-TFY_MessageMKitUITests.debug.xcconfig"; path = "Target Support Files/Pods-TFY_MessageMKit-TFY_MessageMKitUITests/Pods-TFY_MessageMKit-TFY_MessageMKitUITests.debug.xcconfig"; sourceTree = "<group>"; };
		B13E23F6ED4702F476CF986A /* Pods-TFY_MessageMKit.debug.xcconfig */ = {isa = PBXFileReference; includeInIndex = 1; lastKnownFileType = text.xcconfig; name = "Pods-TFY_MessageMKit.debug.xcconfig"; path = "Target Support Files/Pods-TFY_MessageMKit/Pods-TFY_MessageMKit.debug.xcconfig"; sourceTree = "<group>"; };
		B4F1782EA1C1FDEC1317E513 /* Pods-TFY_MessageMKitTests.debug.xcconfig */ = {isa = PBXFileReference; includeInIndex = 1; lastKnownFileType = text.xcconfig; name = "Pods-TFY_MessageMKitTests.debug.xcconfig"; path = "Target Support Files/Pods-TFY_MessageMKitTests/Pods-TFY_MessageMKitTests.debug.xcconfig"; sourceTree = "<group>"; };
/* End PBXFileReference section */

/* Begin PBXFrameworksBuildPhase section */
		36D4423424F1FE140086B75B /* Frameworks */ = {
			isa = PBXFrameworksBuildPhase;
			buildActionMask = 2147483647;
			files = (
				FEA6EED7914977FAB904EF24 /* Pods_TFY_MessageMKit.framework in Frameworks */,
			);
			runOnlyForDeploymentPostprocessing = 0;
		};
		36D4425124F1FE150086B75B /* Frameworks */ = {
			isa = PBXFrameworksBuildPhase;
			buildActionMask = 2147483647;
			files = (
				861A435826540CC59F9EAA5B /* Pods_TFY_MessageMKitTests.framework in Frameworks */,
			);
			runOnlyForDeploymentPostprocessing = 0;
		};
		36D4425C24F1FE150086B75B /* Frameworks */ = {
			isa = PBXFrameworksBuildPhase;
			buildActionMask = 2147483647;
			files = (
				62F9BCBE6AA1A2EE76490B76 /* Pods_TFY_MessageMKit_TFY_MessageMKitUITests.framework in Frameworks */,
			);
			runOnlyForDeploymentPostprocessing = 0;
		};
/* End PBXFrameworksBuildPhase section */

/* Begin PBXGroup section */
		36D4422E24F1FE140086B75B = {
			isa = PBXGroup;
			children = (
				36D4423924F1FE140086B75B /* TFY_MessageMKit */,
				36D4425724F1FE150086B75B /* TFY_MessageMKitTests */,
				36D4426224F1FE150086B75B /* TFY_MessageMKitUITests */,
				36D4423824F1FE140086B75B /* Products */,
				C0C35B23855FF7772CA4518C /* Pods */,
				97EA547578D584F3A74AC429 /* Frameworks */,
			);
			sourceTree = "<group>";
		};
		36D4423824F1FE140086B75B /* Products */ = {
			isa = PBXGroup;
			children = (
				36D4423724F1FE140086B75B /* TFY_MessageMKit.app */,
				36D4425424F1FE150086B75B /* TFY_MessageMKitTests.xctest */,
				36D4425F24F1FE150086B75B /* TFY_MessageMKitUITests.xctest */,
			);
			name = Products;
			sourceTree = "<group>";
		};
		36D4423924F1FE140086B75B /* TFY_MessageMKit */ = {
			isa = PBXGroup;
			children = (
				36D4429624F207D60086B75B /* TFY_RouterMessageKit */,
				36D4427F24F1FF8E0086B75B /* TFY_PCH */,
				36D4427524F1FEF60086B75B /* TFY_AppDelegate */,
				36D4427124F1FEF60086B75B /* TFY_Class */,
				36D4424824F1FE150086B75B /* Assets.xcassets */,
				36D4424A24F1FE150086B75B /* LaunchScreen.storyboard */,
				36D4424D24F1FE150086B75B /* Info.plist */,
				36D4424E24F1FE150086B75B /* main.m */,
			);
			path = TFY_MessageMKit;
			sourceTree = "<group>";
		};
		36D4425724F1FE150086B75B /* TFY_MessageMKitTests */ = {
			isa = PBXGroup;
			children = (
				36D4425824F1FE150086B75B /* TFY_MessageMKitTests.m */,
				36D4425A24F1FE150086B75B /* Info.plist */,
			);
			path = TFY_MessageMKitTests;
			sourceTree = "<group>";
		};
		36D4426224F1FE150086B75B /* TFY_MessageMKitUITests */ = {
			isa = PBXGroup;
			children = (
				36D4426324F1FE150086B75B /* TFY_MessageMKitUITests.m */,
				36D4426524F1FE150086B75B /* Info.plist */,
			);
			path = TFY_MessageMKitUITests;
			sourceTree = "<group>";
		};
		36D4427124F1FEF60086B75B /* TFY_Class */ = {
			isa = PBXGroup;
			children = (
				36D4427424F1FEF60086B75B /* ViewController.h */,
				36D4427224F1FEF60086B75B /* ViewController.m */,
				36D4427324F1FEF60086B75B /* ContentView.swift */,
			);
			path = TFY_Class;
			sourceTree = "<group>";
		};
		36D4427524F1FEF60086B75B /* TFY_AppDelegate */ = {
			isa = PBXGroup;
			children = (
				36D4427624F1FEF60086B75B /* AppDelegate.h */,
				36D4427824F1FEF60086B75B /* AppDelegate.m */,
				36D4427924F1FEF60086B75B /* SceneDelegate.h */,
				36D4427724F1FEF60086B75B /* SceneDelegate.m */,
			);
			path = TFY_AppDelegate;
			sourceTree = "<group>";
		};
		36D4427F24F1FF8E0086B75B /* TFY_PCH */ = {
			isa = PBXGroup;
			children = (
				36D4428024F1FFB60086B75B /* TFY_PrefixHeader.pch */,
			);
			path = TFY_PCH;
			sourceTree = "<group>";
		};
		36D4429624F207D60086B75B /* TFY_RouterMessageKit */ = {
			isa = PBXGroup;
			children = (
				36D4429724F207D60086B75B /* TFY_RouterMessageKit.h */,
				36D4429824F207D60086B75B /* TFY_MessageMKit */,
				36D4429E24F207D60086B75B /* TFY_RouterMKit */,
			);
			path = TFY_RouterMessageKit;
			sourceTree = "<group>";
		};
		36D4429824F207D60086B75B /* TFY_MessageMKit */ = {
			isa = PBXGroup;
			children = (
				36D4429A24F207D60086B75B /* TFY_MessageMKit.h */,
				36D4429924F207D60086B75B /* TFY_MessageM.h */,
				36D4429C24F207D60086B75B /* TFY_MessageM.m */,
				36D4429B24F207D60086B75B /* NSObject+TFY_MessageE.h */,
				36D4429D24F207D60086B75B /* NSObject+TFY_MessageE.m */,
			);
			path = TFY_MessageMKit;
			sourceTree = "<group>";
		};
		36D4429E24F207D60086B75B /* TFY_RouterMKit */ = {
			isa = PBXGroup;
			children = (
				36D442A724F27EBE0086B75B /* TFY_RouterMKit.h */,
				36D442A124F208EA0086B75B /* TFY_RouterM.h */,
				36D442A224F208EA0086B75B /* TFY_RouterM.m */,
				36D442A424F275030086B75B /* TFY_RouterMHandler.h */,
				36D442A524F275030086B75B /* TFY_RouterMHandler.m */,
			);
			path = TFY_RouterMKit;
			sourceTree = "<group>";
		};
		97EA547578D584F3A74AC429 /* Frameworks */ = {
			isa = PBXGroup;
			children = (
				73E34D93E52F090B5912CB90 /* Pods_TFY_MessageMKit.framework */,
				2E8127039193EF54F556C475 /* Pods_TFY_MessageMKit_TFY_MessageMKitUITests.framework */,
				752718E5D74EC4803454B4CB /* Pods_TFY_MessageMKitTests.framework */,
			);
			name = Frameworks;
			sourceTree = "<group>";
		};
		C0C35B23855FF7772CA4518C /* Pods */ = {
			isa = PBXGroup;
			children = (
				B13E23F6ED4702F476CF986A /* Pods-TFY_MessageMKit.debug.xcconfig */,
				69020E7AE98EF9049F83ECE1 /* Pods-TFY_MessageMKit.release.xcconfig */,
				A65C2DBF74EE6B2BADF2D131 /* Pods-TFY_MessageMKit-TFY_MessageMKitUITests.debug.xcconfig */,
				37EC6C12C10D3F469164C0E7 /* Pods-TFY_MessageMKit-TFY_MessageMKitUITests.release.xcconfig */,
				B4F1782EA1C1FDEC1317E513 /* Pods-TFY_MessageMKitTests.debug.xcconfig */,
				833E007D085DB902711216C0 /* Pods-TFY_MessageMKitTests.release.xcconfig */,
			);
			path = Pods;
			sourceTree = "<group>";
		};
/* End PBXGroup section */

/* Begin PBXNativeTarget section */
		36D4423624F1FE140086B75B /* TFY_MessageMKit */ = {
			isa = PBXNativeTarget;
			buildConfigurationList = 36D4426824F1FE150086B75B /* Build configuration list for PBXNativeTarget "TFY_MessageMKit" */;
			buildPhases = (
				6323130B383749372FA6FCB5 /* [CP] Check Pods Manifest.lock */,
				36D4423324F1FE140086B75B /* Sources */,
				36D4423424F1FE140086B75B /* Frameworks */,
				36D4423524F1FE140086B75B /* Resources */,
				A4B0E0D7B6B093DD6C27189B /* [CP] Embed Pods Frameworks */,
			);
			buildRules = (
			);
			dependencies = (
			);
			name = TFY_MessageMKit;
			productName = TFY_MessageMKit;
			productReference = 36D4423724F1FE140086B75B /* TFY_MessageMKit.app */;
			productType = "com.apple.product-type.application";
		};
		36D4425324F1FE150086B75B /* TFY_MessageMKitTests */ = {
			isa = PBXNativeTarget;
			buildConfigurationList = 36D4426B24F1FE150086B75B /* Build configuration list for PBXNativeTarget "TFY_MessageMKitTests" */;
			buildPhases = (
				A732FFFDA4875D632E4A9287 /* [CP] Check Pods Manifest.lock */,
				36D4425024F1FE150086B75B /* Sources */,
				36D4425124F1FE150086B75B /* Frameworks */,
				36D4425224F1FE150086B75B /* Resources */,
			);
			buildRules = (
			);
			dependencies = (
				36D4425624F1FE150086B75B /* PBXTargetDependency */,
			);
			name = TFY_MessageMKitTests;
			productName = TFY_MessageMKitTests;
			productReference = 36D4425424F1FE150086B75B /* TFY_MessageMKitTests.xctest */;
			productType = "com.apple.product-type.bundle.unit-test";
		};
		36D4425E24F1FE150086B75B /* TFY_MessageMKitUITests */ = {
			isa = PBXNativeTarget;
			buildConfigurationList = 36D4426E24F1FE150086B75B /* Build configuration list for PBXNativeTarget "TFY_MessageMKitUITests" */;
			buildPhases = (
				B2AE228583092134B8BB7B4D /* [CP] Check Pods Manifest.lock */,
				36D4425B24F1FE150086B75B /* Sources */,
				36D4425C24F1FE150086B75B /* Frameworks */,
				36D4425D24F1FE150086B75B /* Resources */,
				D79285FA7BB7DC2EC6B690FF /* [CP] Embed Pods Frameworks */,
			);
			buildRules = (
			);
			dependencies = (
				36D4426124F1FE150086B75B /* PBXTargetDependency */,
			);
			name = TFY_MessageMKitUITests;
			productName = TFY_MessageMKitUITests;
			productReference = 36D4425F24F1FE150086B75B /* TFY_MessageMKitUITests.xctest */;
			productType = "com.apple.product-type.bundle.ui-testing";
		};
/* End PBXNativeTarget section */

/* Begin PBXProject section */
		36D4422F24F1FE140086B75B /* Project object */ = {
			isa = PBXProject;
			attributes = {
				CLASSPREFIX = TFY_;
				LastSwiftUpdateCheck = 1200;
				LastUpgradeCheck = 1200;
				TargetAttributes = {
					36D4423624F1FE140086B75B = {
						CreatedOnToolsVersion = 12.0;
					};
					36D4425324F1FE150086B75B = {
						CreatedOnToolsVersion = 12.0;
						TestTargetID = 36D4423624F1FE140086B75B;
					};
					36D4425E24F1FE150086B75B = {
						CreatedOnToolsVersion = 12.0;
						TestTargetID = 36D4423624F1FE140086B75B;
					};
				};
			};
			buildConfigurationList = 36D4423224F1FE140086B75B /* Build configuration list for PBXProject "TFY_MessageMKit" */;
			compatibilityVersion = "Xcode 10.0";
			developmentRegion = en;
			hasScannedForEncodings = 0;
			knownRegions = (
				en,
				Base,
			);
			mainGroup = 36D4422E24F1FE140086B75B;
			productRefGroup = 36D4423824F1FE140086B75B /* Products */;
			projectDirPath = "";
			projectRoot = "";
			targets = (
				36D4423624F1FE140086B75B /* TFY_MessageMKit */,
				36D4425324F1FE150086B75B /* TFY_MessageMKitTests */,
				36D4425E24F1FE150086B75B /* TFY_MessageMKitUITests */,
			);
		};
/* End PBXProject section */

/* Begin PBXResourcesBuildPhase section */
		36D4423524F1FE140086B75B /* Resources */ = {
			isa = PBXResourcesBuildPhase;
			buildActionMask = 2147483647;
			files = (
				36D4424C24F1FE150086B75B /* LaunchScreen.storyboard in Resources */,
				36D4424924F1FE150086B75B /* Assets.xcassets in Resources */,
			);
			runOnlyForDeploymentPostprocessing = 0;
		};
		36D4425224F1FE150086B75B /* Resources */ = {
			isa = PBXResourcesBuildPhase;
			buildActionMask = 2147483647;
			files = (
			);
			runOnlyForDeploymentPostprocessing = 0;
		};
		36D4425D24F1FE150086B75B /* Resources */ = {
			isa = PBXResourcesBuildPhase;
			buildActionMask = 2147483647;
			files = (
			);
			runOnlyForDeploymentPostprocessing = 0;
		};
/* End PBXResourcesBuildPhase section */

/* Begin PBXShellScriptBuildPhase section */
		6323130B383749372FA6FCB5 /* [CP] Check Pods Manifest.lock */ = {
			isa = PBXShellScriptBuildPhase;
			buildActionMask = 2147483647;
			files = (
			);
			inputFileListPaths = (
			);
			inputPaths = (
				"${PODS_PODFILE_DIR_PATH}/Podfile.lock",
				"${PODS_ROOT}/Manifest.lock",
			);
			name = "[CP] Check Pods Manifest.lock";
			outputFileListPaths = (
			);
			outputPaths = (
				"$(DERIVED_FILE_DIR)/Pods-TFY_MessageMKit-checkManifestLockResult.txt",
			);
			runOnlyForDeploymentPostprocessing = 0;
			shellPath = /bin/sh;
			shellScript = "diff \"${PODS_PODFILE_DIR_PATH}/Podfile.lock\" \"${PODS_ROOT}/Manifest.lock\" > /dev/null\nif [ $? != 0 ] ; then\n    # print error to STDERR\n    echo \"error: The sandbox is not in sync with the Podfile.lock. Run 'pod install' or update your CocoaPods installation.\" >&2\n    exit 1\nfi\n# This output is used by Xcode 'outputs' to avoid re-running this script phase.\necho \"SUCCESS\" > \"${SCRIPT_OUTPUT_FILE_0}\"\n";
			showEnvVarsInLog = 0;
		};
		A4B0E0D7B6B093DD6C27189B /* [CP] Embed Pods Frameworks */ = {
			isa = PBXShellScriptBuildPhase;
			buildActionMask = 2147483647;
			files = (
			);
			inputFileListPaths = (
				"${PODS_ROOT}/Target Support Files/Pods-TFY_MessageMKit/Pods-TFY_MessageMKit-frameworks-${CONFIGURATION}-input-files.xcfilelist",
			);
			name = "[CP] Embed Pods Frameworks";
			outputFileListPaths = (
				"${PODS_ROOT}/Target Support Files/Pods-TFY_MessageMKit/Pods-TFY_MessageMKit-frameworks-${CONFIGURATION}-output-files.xcfilelist",
			);
			runOnlyForDeploymentPostprocessing = 0;
			shellPath = /bin/sh;
			shellScript = "\"${PODS_ROOT}/Target Support Files/Pods-TFY_MessageMKit/Pods-TFY_MessageMKit-frameworks.sh\"\n";
			showEnvVarsInLog = 0;
		};
		A732FFFDA4875D632E4A9287 /* [CP] Check Pods Manifest.lock */ = {
			isa = PBXShellScriptBuildPhase;
			buildActionMask = 2147483647;
			files = (
			);
			inputFileListPaths = (
			);
			inputPaths = (
				"${PODS_PODFILE_DIR_PATH}/Podfile.lock",
				"${PODS_ROOT}/Manifest.lock",
			);
			name = "[CP] Check Pods Manifest.lock";
			outputFileListPaths = (
			);
			outputPaths = (
				"$(DERIVED_FILE_DIR)/Pods-TFY_MessageMKitTests-checkManifestLockResult.txt",
			);
			runOnlyForDeploymentPostprocessing = 0;
			shellPath = /bin/sh;
			shellScript = "diff \"${PODS_PODFILE_DIR_PATH}/Podfile.lock\" \"${PODS_ROOT}/Manifest.lock\" > /dev/null\nif [ $? != 0 ] ; then\n    # print error to STDERR\n    echo \"error: The sandbox is not in sync with the Podfile.lock. Run 'pod install' or update your CocoaPods installation.\" >&2\n    exit 1\nfi\n# This output is used by Xcode 'outputs' to avoid re-running this script phase.\necho \"SUCCESS\" > \"${SCRIPT_OUTPUT_FILE_0}\"\n";
			showEnvVarsInLog = 0;
		};
		B2AE228583092134B8BB7B4D /* [CP] Check Pods Manifest.lock */ = {
			isa = PBXShellScriptBuildPhase;
			buildActionMask = 2147483647;
			files = (
			);
			inputFileListPaths = (
			);
			inputPaths = (
				"${PODS_PODFILE_DIR_PATH}/Podfile.lock",
				"${PODS_ROOT}/Manifest.lock",
			);
			name = "[CP] Check Pods Manifest.lock";
			outputFileListPaths = (
			);
			outputPaths = (
				"$(DERIVED_FILE_DIR)/Pods-TFY_MessageMKit-TFY_MessageMKitUITests-checkManifestLockResult.txt",
			);
			runOnlyForDeploymentPostprocessing = 0;
			shellPath = /bin/sh;
			shellScript = "diff \"${PODS_PODFILE_DIR_PATH}/Podfile.lock\" \"${PODS_ROOT}/Manifest.lock\" > /dev/null\nif [ $? != 0 ] ; then\n    # print error to STDERR\n    echo \"error: The sandbox is not in sync with the Podfile.lock. Run 'pod install' or update your CocoaPods installation.\" >&2\n    exit 1\nfi\n# This output is used by Xcode 'outputs' to avoid re-running this script phase.\necho \"SUCCESS\" > \"${SCRIPT_OUTPUT_FILE_0}\"\n";
			showEnvVarsInLog = 0;
		};
		D79285FA7BB7DC2EC6B690FF /* [CP] Embed Pods Frameworks */ = {
			isa = PBXShellScriptBuildPhase;
			buildActionMask = 2147483647;
			files = (
			);
			inputFileListPaths = (
				"${PODS_ROOT}/Target Support Files/Pods-TFY_MessageMKit-TFY_MessageMKitUITests/Pods-TFY_MessageMKit-TFY_MessageMKitUITests-frameworks-${CONFIGURATION}-input-files.xcfilelist",
			);
			name = "[CP] Embed Pods Frameworks";
			outputFileListPaths = (
				"${PODS_ROOT}/Target Support Files/Pods-TFY_MessageMKit-TFY_MessageMKitUITests/Pods-TFY_MessageMKit-TFY_MessageMKitUITests-frameworks-${CONFIGURATION}-output-files.xcfilelist",
			);
			runOnlyForDeploymentPostprocessing = 0;
			shellPath = /bin/sh;
			shellScript = "\"${PODS_ROOT}/Target Support Files/Pods-TFY_MessageMKit-TFY_MessageMKitUITests/Pods-TFY_MessageMKit-TFY_MessageMKitUITests-frameworks.sh\"\n";
			showEnvVarsInLog = 0;
		};
/* End PBXShellScriptBuildPhase section */

/* Begin PBXSourcesBuildPhase section */
		36D4423324F1FE140086B75B /* Sources */ = {
			isa = PBXSourcesBuildPhase;
			buildActionMask = 2147483647;
			files = (
				36D442A324F208EA0086B75B /* TFY_RouterM.m in Sources */,
				36D4427A24F1FEF60086B75B /* ViewController.m in Sources */,
				36D442A024F207D60086B75B /* NSObject+TFY_MessageE.m in Sources */,
				36D4424F24F1FE150086B75B /* main.m in Sources */,
				36D4427B24F1FEF60086B75B /* ContentView.swift in Sources */,
				36D4427C24F1FEF60086B75B /* SceneDelegate.m in Sources */,
				36D4427D24F1FEF60086B75B /* AppDelegate.m in Sources */,
				36D442A624F275030086B75B /* TFY_RouterMHandler.m in Sources */,
				36D4429F24F207D60086B75B /* TFY_MessageM.m in Sources */,
			);
			runOnlyForDeploymentPostprocessing = 0;
		};
		36D4425024F1FE150086B75B /* Sources */ = {
			isa = PBXSourcesBuildPhase;
			buildActionMask = 2147483647;
			files = (
				36D4425924F1FE150086B75B /* TFY_MessageMKitTests.m in Sources */,
			);
			runOnlyForDeploymentPostprocessing = 0;
		};
		36D4425B24F1FE150086B75B /* Sources */ = {
			isa = PBXSourcesBuildPhase;
			buildActionMask = 2147483647;
			files = (
				36D4426424F1FE150086B75B /* TFY_MessageMKitUITests.m in Sources */,
			);
			runOnlyForDeploymentPostprocessing = 0;
		};
/* End PBXSourcesBuildPhase section */

/* Begin PBXTargetDependency section */
		36D4425624F1FE150086B75B /* PBXTargetDependency */ = {
			isa = PBXTargetDependency;
			target = 36D4423624F1FE140086B75B /* TFY_MessageMKit */;
			targetProxy = 36D4425524F1FE150086B75B /* PBXContainerItemProxy */;
		};
		36D4426124F1FE150086B75B /* PBXTargetDependency */ = {
			isa = PBXTargetDependency;
			target = 36D4423624F1FE140086B75B /* TFY_MessageMKit */;
			targetProxy = 36D4426024F1FE150086B75B /* PBXContainerItemProxy */;
		};
/* End PBXTargetDependency section */

/* Begin PBXVariantGroup section */
		36D4424A24F1FE150086B75B /* LaunchScreen.storyboard */ = {
			isa = PBXVariantGroup;
			children = (
				36D4424B24F1FE150086B75B /* Base */,
			);
			name = LaunchScreen.storyboard;
			sourceTree = "<group>";
		};
/* End PBXVariantGroup section */

/* Begin XCBuildConfiguration section */
		36D4426624F1FE150086B75B /* Debug */ = {
			isa = XCBuildConfiguration;
			buildSettings = {
				ALWAYS_SEARCH_USER_PATHS = NO;
				CLANG_ANALYZER_NONNULL = YES;
				CLANG_ANALYZER_NUMBER_OBJECT_CONVERSION = YES_AGGRESSIVE;
				CLANG_CXX_LANGUAGE_STANDARD = "gnu++14";
				CLANG_CXX_LIBRARY = "libc++";
				CLANG_ENABLE_MODULES = YES;
				CLANG_ENABLE_OBJC_ARC = YES;
				CLANG_ENABLE_OBJC_WEAK = YES;
				CLANG_WARN_BLOCK_CAPTURE_AUTORELEASING = YES;
				CLANG_WARN_BOOL_CONVERSION = YES;
				CLANG_WARN_COMMA = YES;
				CLANG_WARN_CONSTANT_CONVERSION = YES;
				CLANG_WARN_DEPRECATED_OBJC_IMPLEMENTATIONS = YES;
				CLANG_WARN_DIRECT_OBJC_ISA_USAGE = YES_ERROR;
				CLANG_WARN_DOCUMENTATION_COMMENTS = YES;
				CLANG_WARN_EMPTY_BODY = YES;
				CLANG_WARN_ENUM_CONVERSION = YES;
				CLANG_WARN_INFINITE_RECURSION = YES;
				CLANG_WARN_INT_CONVERSION = YES;
				CLANG_WARN_NON_LITERAL_NULL_CONVERSION = YES;
				CLANG_WARN_OBJC_IMPLICIT_RETAIN_SELF = YES;
				CLANG_WARN_OBJC_LITERAL_CONVERSION = YES;
				CLANG_WARN_OBJC_ROOT_CLASS = YES_ERROR;
				CLANG_WARN_QUOTED_INCLUDE_IN_FRAMEWORK_HEADER = YES;
				CLANG_WARN_RANGE_LOOP_ANALYSIS = YES;
				CLANG_WARN_STRICT_PROTOTYPES = YES;
				CLANG_WARN_SUSPICIOUS_MOVE = YES;
				CLANG_WARN_UNGUARDED_AVAILABILITY = YES_AGGRESSIVE;
				CLANG_WARN_UNREACHABLE_CODE = YES;
				CLANG_WARN__DUPLICATE_METHOD_MATCH = YES;
				COPY_PHASE_STRIP = NO;
				DEBUG_INFORMATION_FORMAT = dwarf;
				ENABLE_STRICT_OBJC_MSGSEND = YES;
				ENABLE_TESTABILITY = YES;
				GCC_C_LANGUAGE_STANDARD = gnu11;
				GCC_DYNAMIC_NO_PIC = NO;
				GCC_NO_COMMON_BLOCKS = YES;
				GCC_OPTIMIZATION_LEVEL = 0;
				GCC_PREPROCESSOR_DEFINITIONS = (
					"DEBUG=1",
					"$(inherited)",
				);
				GCC_WARN_64_TO_32_BIT_CONVERSION = YES;
				GCC_WARN_ABOUT_RETURN_TYPE = YES_ERROR;
				GCC_WARN_UNDECLARED_SELECTOR = YES;
				GCC_WARN_UNINITIALIZED_AUTOS = YES_AGGRESSIVE;
				GCC_WARN_UNUSED_FUNCTION = YES;
				GCC_WARN_UNUSED_VARIABLE = YES;
				IPHONEOS_DEPLOYMENT_TARGET = 14.0;
				MTL_ENABLE_DEBUG_INFO = INCLUDE_SOURCE;
				MTL_FAST_MATH = YES;
				ONLY_ACTIVE_ARCH = YES;
				SDKROOT = iphoneos;
			};
			name = Debug;
		};
		36D4426724F1FE150086B75B /* Release */ = {
			isa = XCBuildConfiguration;
			buildSettings = {
				ALWAYS_SEARCH_USER_PATHS = NO;
				CLANG_ANALYZER_NONNULL = YES;
				CLANG_ANALYZER_NUMBER_OBJECT_CONVERSION = YES_AGGRESSIVE;
				CLANG_CXX_LANGUAGE_STANDARD = "gnu++14";
				CLANG_CXX_LIBRARY = "libc++";
				CLANG_ENABLE_MODULES = YES;
				CLANG_ENABLE_OBJC_ARC = YES;
				CLANG_ENABLE_OBJC_WEAK = YES;
				CLANG_WARN_BLOCK_CAPTURE_AUTORELEASING = YES;
				CLANG_WARN_BOOL_CONVERSION = YES;
				CLANG_WARN_COMMA = YES;
				CLANG_WARN_CONSTANT_CONVERSION = YES;
				CLANG_WARN_DEPRECATED_OBJC_IMPLEMENTATIONS = YES;
				CLANG_WARN_DIRECT_OBJC_ISA_USAGE = YES_ERROR;
				CLANG_WARN_DOCUMENTATION_COMMENTS = YES;
				CLANG_WARN_EMPTY_BODY = YES;
				CLANG_WARN_ENUM_CONVERSION = YES;
				CLANG_WARN_INFINITE_RECURSION = YES;
				CLANG_WARN_INT_CONVERSION = YES;
				CLANG_WARN_NON_LITERAL_NULL_CONVERSION = YES;
				CLANG_WARN_OBJC_IMPLICIT_RETAIN_SELF = YES;
				CLANG_WARN_OBJC_LITERAL_CONVERSION = YES;
				CLANG_WARN_OBJC_ROOT_CLASS = YES_ERROR;
				CLANG_WARN_QUOTED_INCLUDE_IN_FRAMEWORK_HEADER = YES;
				CLANG_WARN_RANGE_LOOP_ANALYSIS = YES;
				CLANG_WARN_STRICT_PROTOTYPES = YES;
				CLANG_WARN_SUSPICIOUS_MOVE = YES;
				CLANG_WARN_UNGUARDED_AVAILABILITY = YES_AGGRESSIVE;
				CLANG_WARN_UNREACHABLE_CODE = YES;
				CLANG_WARN__DUPLICATE_METHOD_MATCH = YES;
				COPY_PHASE_STRIP = NO;
				DEBUG_INFORMATION_FORMAT = "dwarf-with-dsym";
				ENABLE_NS_ASSERTIONS = NO;
				ENABLE_STRICT_OBJC_MSGSEND = YES;
				GCC_C_LANGUAGE_STANDARD = gnu11;
				GCC_NO_COMMON_BLOCKS = YES;
				GCC_WARN_64_TO_32_BIT_CONVERSION = YES;
				GCC_WARN_ABOUT_RETURN_TYPE = YES_ERROR;
				GCC_WARN_UNDECLARED_SELECTOR = YES;
				GCC_WARN_UNINITIALIZED_AUTOS = YES_AGGRESSIVE;
				GCC_WARN_UNUSED_FUNCTION = YES;
				GCC_WARN_UNUSED_VARIABLE = YES;
				IPHONEOS_DEPLOYMENT_TARGET = 14.0;
				MTL_ENABLE_DEBUG_INFO = NO;
				MTL_FAST_MATH = YES;
				SDKROOT = iphoneos;
				VALIDATE_PRODUCT = YES;
			};
			name = Release;
		};
		36D4426924F1FE150086B75B /* Debug */ = {
			isa = XCBuildConfiguration;
			baseConfigurationReference = B13E23F6ED4702F476CF986A /* Pods-TFY_MessageMKit.debug.xcconfig */;
			buildSettings = {
				ASSETCATALOG_COMPILER_APPICON_NAME = AppIcon;
				ASSETCATALOG_COMPILER_GLOBAL_ACCENT_COLOR_NAME = AccentColor;
				CODE_SIGN_STYLE = Automatic;
				CURRENT_PROJECT_VERSION = 1.0.0;
				DEVELOPMENT_TEAM = QH95759TSS;
				GCC_PRECOMPILE_PREFIX_HEADER = YES;
				GCC_PREFIX_HEADER = TFY_MessageMKit/TFY_PCH/TFY_PrefixHeader.pch;
				INFOPLIST_FILE = TFY_MessageMKit/Info.plist;
				IPHONEOS_DEPLOYMENT_TARGET = 10.0;
				LD_RUNPATH_SEARCH_PATHS = (
					"$(inherited)",
					"@executable_path/Frameworks",
				);
				MARKETING_VERSION = 1.0.0;
				PRODUCT_BUNDLE_IDENTIFIER = "com.message.TFY-MessageMKit";
				PRODUCT_NAME = "$(TARGET_NAME)";
				SWIFT_VERSION = 5.0;
				TARGETED_DEVICE_FAMILY = "1,2";
			};
			name = Debug;
		};
		36D4426A24F1FE150086B75B /* Release */ = {
			isa = XCBuildConfiguration;
			baseConfigurationReference = 69020E7AE98EF9049F83ECE1 /* Pods-TFY_MessageMKit.release.xcconfig */;
			buildSettings = {
				ASSETCATALOG_COMPILER_APPICON_NAME = AppIcon;
				ASSETCATALOG_COMPILER_GLOBAL_ACCENT_COLOR_NAME = AccentColor;
				CODE_SIGN_STYLE = Automatic;
				CURRENT_PROJECT_VERSION = 1.0.0;
				DEVELOPMENT_TEAM = QH95759TSS;
				GCC_PRECOMPILE_PREFIX_HEADER = YES;
				GCC_PREFIX_HEADER = TFY_MessageMKit/TFY_PCH/TFY_PrefixHeader.pch;
				INFOPLIST_FILE = TFY_MessageMKit/Info.plist;
				IPHONEOS_DEPLOYMENT_TARGET = 10.0;
				LD_RUNPATH_SEARCH_PATHS = (
					"$(inherited)",
					"@executable_path/Frameworks",
				);
				MARKETING_VERSION = 1.0.0;
				PRODUCT_BUNDLE_IDENTIFIER = "com.message.TFY-MessageMKit";
				PRODUCT_NAME = "$(TARGET_NAME)";
				SWIFT_VERSION = 5.0;
				TARGETED_DEVICE_FAMILY = "1,2";
			};
			name = Release;
		};
		36D4426C24F1FE150086B75B /* Debug */ = {
			isa = XCBuildConfiguration;
			baseConfigurationReference = B4F1782EA1C1FDEC1317E513 /* Pods-TFY_MessageMKitTests.debug.xcconfig */;
			buildSettings = {
				ALWAYS_EMBED_SWIFT_STANDARD_LIBRARIES = YES;
				BUNDLE_LOADER = "$(TEST_HOST)";
				CODE_SIGN_STYLE = Automatic;
				DEVELOPMENT_TEAM = QH95759TSS;
				INFOPLIST_FILE = TFY_MessageMKitTests/Info.plist;
				IPHONEOS_DEPLOYMENT_TARGET = 14.0;
				LD_RUNPATH_SEARCH_PATHS = (
					"$(inherited)",
					"@executable_path/Frameworks",
					"@loader_path/Frameworks",
				);
				PRODUCT_BUNDLE_IDENTIFIER = "com.message.TFY-MessageMKitTests";
				PRODUCT_NAME = "$(TARGET_NAME)";
				TARGETED_DEVICE_FAMILY = "1,2";
				TEST_HOST = "$(BUILT_PRODUCTS_DIR)/TFY_MessageMKit.app/TFY_MessageMKit";
			};
			name = Debug;
		};
		36D4426D24F1FE150086B75B /* Release */ = {
			isa = XCBuildConfiguration;
			baseConfigurationReference = 833E007D085DB902711216C0 /* Pods-TFY_MessageMKitTests.release.xcconfig */;
			buildSettings = {
				ALWAYS_EMBED_SWIFT_STANDARD_LIBRARIES = YES;
				BUNDLE_LOADER = "$(TEST_HOST)";
				CODE_SIGN_STYLE = Automatic;
				DEVELOPMENT_TEAM = QH95759TSS;
				INFOPLIST_FILE = TFY_MessageMKitTests/Info.plist;
				IPHONEOS_DEPLOYMENT_TARGET = 14.0;
				LD_RUNPATH_SEARCH_PATHS = (
					"$(inherited)",
					"@executable_path/Frameworks",
					"@loader_path/Frameworks",
				);
				PRODUCT_BUNDLE_IDENTIFIER = "com.message.TFY-MessageMKitTests";
				PRODUCT_NAME = "$(TARGET_NAME)";
				TARGETED_DEVICE_FAMILY = "1,2";
				TEST_HOST = "$(BUILT_PRODUCTS_DIR)/TFY_MessageMKit.app/TFY_MessageMKit";
			};
			name = Release;
		};
		36D4426F24F1FE150086B75B /* Debug */ = {
			isa = XCBuildConfiguration;
			baseConfigurationReference = A65C2DBF74EE6B2BADF2D131 /* Pods-TFY_MessageMKit-TFY_MessageMKitUITests.debug.xcconfig */;
			buildSettings = {
				ALWAYS_EMBED_SWIFT_STANDARD_LIBRARIES = YES;
				CODE_SIGN_STYLE = Automatic;
				DEVELOPMENT_TEAM = QH95759TSS;
				INFOPLIST_FILE = TFY_MessageMKitUITests/Info.plist;
				LD_RUNPATH_SEARCH_PATHS = (
					"$(inherited)",
					"@executable_path/Frameworks",
					"@loader_path/Frameworks",
				);
				PRODUCT_BUNDLE_IDENTIFIER = "com.message.TFY-MessageMKitUITests";
				PRODUCT_NAME = "$(TARGET_NAME)";
				TARGETED_DEVICE_FAMILY = "1,2";
				TEST_TARGET_NAME = TFY_MessageMKit;
			};
			name = Debug;
		};
		36D4427024F1FE150086B75B /* Release */ = {
			isa = XCBuildConfiguration;
			baseConfigurationReference = 37EC6C12C10D3F469164C0E7 /* Pods-TFY_MessageMKit-TFY_MessageMKitUITests.release.xcconfig */;
			buildSettings = {
				ALWAYS_EMBED_SWIFT_STANDARD_LIBRARIES = YES;
				CODE_SIGN_STYLE = Automatic;
				DEVELOPMENT_TEAM = QH95759TSS;
				INFOPLIST_FILE = TFY_MessageMKitUITests/Info.plist;
				LD_RUNPATH_SEARCH_PATHS = (
					"$(inherited)",
					"@executable_path/Frameworks",
					"@loader_path/Frameworks",
				);
				PRODUCT_BUNDLE_IDENTIFIER = "com.message.TFY-MessageMKitUITests";
				PRODUCT_NAME = "$(TARGET_NAME)";
				TARGETED_DEVICE_FAMILY = "1,2";
				TEST_TARGET_NAME = TFY_MessageMKit;
			};
			name = Release;
		};
/* End XCBuildConfiguration section */

/* Begin XCConfigurationList section */
		36D4423224F1FE140086B75B /* Build configuration list for PBXProject "TFY_MessageMKit" */ = {
			isa = XCConfigurationList;
			buildConfigurations = (
				36D4426624F1FE150086B75B /* Debug */,
				36D4426724F1FE150086B75B /* Release */,
			);
			defaultConfigurationIsVisible = 0;
			defaultConfigurationName = Release;
		};
		36D4426824F1FE150086B75B /* Build configuration list for PBXNativeTarget "TFY_MessageMKit" */ = {
			isa = XCConfigurationList;
			buildConfigurations = (
				36D4426924F1FE150086B75B /* Debug */,
				36D4426A24F1FE150086B75B /* Release */,
			);
			defaultConfigurationIsVisible = 0;
			defaultConfigurationName = Release;
		};
		36D4426B24F1FE150086B75B /* Build configuration list for PBXNativeTarget "TFY_MessageMKitTests" */ = {
			isa = XCConfigurationList;
			buildConfigurations = (
				36D4426C24F1FE150086B75B /* Debug */,
				36D4426D24F1FE150086B75B /* Release */,
			);
			defaultConfigurationIsVisible = 0;
			defaultConfigurationName = Release;
		};
		36D4426E24F1FE150086B75B /* Build configuration list for PBXNativeTarget "TFY_MessageMKitUITests" */ = {
			isa = XCConfigurationList;
			buildConfigurations = (
				36D4426F24F1FE150086B75B /* Debug */,
				36D4427024F1FE150086B75B /* Release */,
			);
			defaultConfigurationIsVisible = 0;
			defaultConfigurationName = Release;
		};
/* End XCConfigurationList section */
	};
	rootObject = 36D4422F24F1FE140086B75B /* Project object */;
}
